// !$*UTF8*$!
{
	archiveVersion = 1;
	classes = {
	};
	objectVersion = 46;
	objects = {

/* Begin PBXBuildFile section */
		882FA4DD1BC929E800724F90 /* DemoAccelerometerInterfaceController.swift in Sources */ = {isa = PBXBuildFile; fileRef = 882FA4DC1BC929E800724F90 /* DemoAccelerometerInterfaceController.swift */; settings = {ASSET_TAGS = (); }; };
		88A1EE2E1BC9C99F0088CC91 /* chooseImageSourceViewController.m in Sources */ = {isa = PBXBuildFile; fileRef = 88A1EE2D1BC9C99F0088CC91 /* chooseImageSourceViewController.m */; settings = {ASSET_TAGS = (); }; };
		88B6A8631BC913DF00346558 /* AppDelegate.swift in Sources */ = {isa = PBXBuildFile; fileRef = 88B6A8621BC913DF00346558 /* AppDelegate.swift */; };
		88B6A8651BC913DF00346558 /* HomeViewController.swift in Sources */ = {isa = PBXBuildFile; fileRef = 88B6A8641BC913DF00346558 /* HomeViewController.swift */; };
		88B6A8681BC913DF00346558 /* Main.storyboard in Resources */ = {isa = PBXBuildFile; fileRef = 88B6A8661BC913DF00346558 /* Main.storyboard */; };
		88B6A86A1BC913DF00346558 /* Assets.xcassets in Resources */ = {isa = PBXBuildFile; fileRef = 88B6A8691BC913DF00346558 /* Assets.xcassets */; };
		88B6A86D1BC913DF00346558 /* LaunchScreen.storyboard in Resources */ = {isa = PBXBuildFile; fileRef = 88B6A86B1BC913DF00346558 /* LaunchScreen.storyboard */; };
		88B6A8721BC913DF00346558 /* Handshake WatchKit App.app in Embed Watch Content */ = {isa = PBXBuildFile; fileRef = 88B6A8711BC913DF00346558 /* Handshake WatchKit App.app */; };
		88B6A8781BC913DF00346558 /* Interface.storyboard in Resources */ = {isa = PBXBuildFile; fileRef = 88B6A8761BC913DF00346558 /* Interface.storyboard */; };
		88B6A87A1BC913DF00346558 /* Assets.xcassets in Resources */ = {isa = PBXBuildFile; fileRef = 88B6A8791BC913DF00346558 /* Assets.xcassets */; };
		88B6A8811BC913E000346558 /* Handshake WatchKit Extension.appex in Embed App Extensions */ = {isa = PBXBuildFile; fileRef = 88B6A8801BC913E000346558 /* Handshake WatchKit Extension.appex */; settings = {ATTRIBUTES = (RemoveHeadersOnCopy, ); }; };
		88B6A8881BC913E000346558 /* InterfaceController.swift in Sources */ = {isa = PBXBuildFile; fileRef = 88B6A8871BC913E000346558 /* InterfaceController.swift */; };
		88B6A88A1BC913E000346558 /* ExtensionDelegate.swift in Sources */ = {isa = PBXBuildFile; fileRef = 88B6A8891BC913E000346558 /* ExtensionDelegate.swift */; };
		88B6A88C1BC913E000346558 /* NotificationController.swift in Sources */ = {isa = PBXBuildFile; fileRef = 88B6A88B1BC913E000346558 /* NotificationController.swift */; };
		88B6A88E1BC913E000346558 /* Assets.xcassets in Resources */ = {isa = PBXBuildFile; fileRef = 88B6A88D1BC913E000346558 /* Assets.xcassets */; };
		B365161E1BC923FC00696574 /* CoreLocation.framework in Frameworks */ = {isa = PBXBuildFile; fileRef = B365161D1BC923FC00696574 /* CoreLocation.framework */; };
		B36516201BC9240400696574 /* CoreBluetooth.framework in Frameworks */ = {isa = PBXBuildFile; fileRef = B365161F1BC9240400696574 /* CoreBluetooth.framework */; };
		B36516221BC9244F00696574 /* Foundation.framework in Frameworks */ = {isa = PBXBuildFile; fileRef = B36516211BC9244F00696574 /* Foundation.framework */; };
		B36516261BC9273500696574 /* LandingScreenViewController.m in Sources */ = {isa = PBXBuildFile; fileRef = B36516251BC9273500696574 /* LandingScreenViewController.m */; settings = {ASSET_TAGS = (); }; };
		B4FE0785F1C51FB58CA45ABD /* Pods_Handshake.framework in Frameworks */ = {isa = PBXBuildFile; fileRef = 472D7CDE52E13780239DD75F /* Pods_Handshake.framework */; };
/* End PBXBuildFile section */

/* Begin PBXContainerItemProxy section */
		88B6A8731BC913DF00346558 /* PBXContainerItemProxy */ = {
			isa = PBXContainerItemProxy;
			containerPortal = 88B6A8571BC913DF00346558 /* Project object */;
			proxyType = 1;
			remoteGlobalIDString = 88B6A8701BC913DF00346558;
			remoteInfo = "Handshake WatchKit App";
		};
		88B6A8821BC913E000346558 /* PBXContainerItemProxy */ = {
			isa = PBXContainerItemProxy;
			containerPortal = 88B6A8571BC913DF00346558 /* Project object */;
			proxyType = 1;
			remoteGlobalIDString = 88B6A87F1BC913E000346558;
			remoteInfo = "Handshake WatchKit Extension";
		};
/* End PBXContainerItemProxy section */

/* Begin PBXCopyFilesBuildPhase section */
		88B6A8951BC913E000346558 /* Embed App Extensions */ = {
			isa = PBXCopyFilesBuildPhase;
			buildActionMask = 2147483647;
			dstPath = "";
			dstSubfolderSpec = 13;
			files = (
				88B6A8811BC913E000346558 /* Handshake WatchKit Extension.appex in Embed App Extensions */,
			);
			name = "Embed App Extensions";
			runOnlyForDeploymentPostprocessing = 0;
		};
		88B6A8991BC913E000346558 /* Embed Watch Content */ = {
			isa = PBXCopyFilesBuildPhase;
			buildActionMask = 2147483647;
			dstPath = "$(CONTENTS_FOLDER_PATH)/Watch";
			dstSubfolderSpec = 16;
			files = (
				88B6A8721BC913DF00346558 /* Handshake WatchKit App.app in Embed Watch Content */,
			);
			name = "Embed Watch Content";
			runOnlyForDeploymentPostprocessing = 0;
		};
/* End PBXCopyFilesBuildPhase section */

/* Begin PBXFileReference section */
		472D7CDE52E13780239DD75F /* Pods_Handshake.framework */ = {isa = PBXFileReference; explicitFileType = wrapper.framework; includeInIndex = 0; path = Pods_Handshake.framework; sourceTree = BUILT_PRODUCTS_DIR; };
		882FA4DC1BC929E800724F90 /* DemoAccelerometerInterfaceController.swift */ = {isa = PBXFileReference; fileEncoding = 4; lastKnownFileType = sourcecode.swift; path = DemoAccelerometerInterfaceController.swift; sourceTree = "<group>"; };
		88A1EE2C1BC9C99F0088CC91 /* chooseImageSourceViewController.h */ = {isa = PBXFileReference; fileEncoding = 4; lastKnownFileType = sourcecode.c.h; path = chooseImageSourceViewController.h; sourceTree = "<group>"; };
		88A1EE2D1BC9C99F0088CC91 /* chooseImageSourceViewController.m */ = {isa = PBXFileReference; fileEncoding = 4; lastKnownFileType = sourcecode.c.objc; path = chooseImageSourceViewController.m; sourceTree = "<group>"; };
		88B6A85F1BC913DF00346558 /* Handshake.app */ = {isa = PBXFileReference; explicitFileType = wrapper.application; includeInIndex = 0; path = Handshake.app; sourceTree = BUILT_PRODUCTS_DIR; };
		88B6A8621BC913DF00346558 /* AppDelegate.swift */ = {isa = PBXFileReference; lastKnownFileType = sourcecode.swift; path = AppDelegate.swift; sourceTree = "<group>"; };
		88B6A8641BC913DF00346558 /* HomeViewController.swift */ = {isa = PBXFileReference; lastKnownFileType = sourcecode.swift; path = HomeViewController.swift; sourceTree = "<group>"; };
		88B6A8671BC913DF00346558 /* Base */ = {isa = PBXFileReference; lastKnownFileType = file.storyboard; name = Base; path = Base.lproj/Main.storyboard; sourceTree = "<group>"; };
		88B6A8691BC913DF00346558 /* Assets.xcassets */ = {isa = PBXFileReference; lastKnownFileType = folder.assetcatalog; path = Assets.xcassets; sourceTree = "<group>"; };
		88B6A86C1BC913DF00346558 /* Base */ = {isa = PBXFileReference; lastKnownFileType = file.storyboard; name = Base; path = Base.lproj/LaunchScreen.storyboard; sourceTree = "<group>"; };
		88B6A86E1BC913DF00346558 /* Info.plist */ = {isa = PBXFileReference; lastKnownFileType = text.plist.xml; path = Info.plist; sourceTree = "<group>"; };
		88B6A8711BC913DF00346558 /* Handshake WatchKit App.app */ = {isa = PBXFileReference; explicitFileType = wrapper.application; includeInIndex = 0; path = "Handshake WatchKit App.app"; sourceTree = BUILT_PRODUCTS_DIR; };
		88B6A8771BC913DF00346558 /* Base */ = {isa = PBXFileReference; lastKnownFileType = file.storyboard; name = Base; path = Base.lproj/Interface.storyboard; sourceTree = "<group>"; };
		88B6A8791BC913DF00346558 /* Assets.xcassets */ = {isa = PBXFileReference; lastKnownFileType = folder.assetcatalog; path = Assets.xcassets; sourceTree = "<group>"; };
		88B6A87B1BC913DF00346558 /* Info.plist */ = {isa = PBXFileReference; lastKnownFileType = text.plist.xml; path = Info.plist; sourceTree = "<group>"; };
		88B6A8801BC913E000346558 /* Handshake WatchKit Extension.appex */ = {isa = PBXFileReference; explicitFileType = "wrapper.app-extension"; includeInIndex = 0; path = "Handshake WatchKit Extension.appex"; sourceTree = BUILT_PRODUCTS_DIR; };
		88B6A8861BC913E000346558 /* PushNotificationPayload.apns */ = {isa = PBXFileReference; lastKnownFileType = text; path = PushNotificationPayload.apns; sourceTree = "<group>"; };
		88B6A8871BC913E000346558 /* InterfaceController.swift */ = {isa = PBXFileReference; lastKnownFileType = sourcecode.swift; path = InterfaceController.swift; sourceTree = "<group>"; };
		88B6A8891BC913E000346558 /* ExtensionDelegate.swift */ = {isa = PBXFileReference; lastKnownFileType = sourcecode.swift; path = ExtensionDelegate.swift; sourceTree = "<group>"; };
		88B6A88B1BC913E000346558 /* NotificationController.swift */ = {isa = PBXFileReference; lastKnownFileType = sourcecode.swift; path = NotificationController.swift; sourceTree = "<group>"; };
		88B6A88D1BC913E000346558 /* Assets.xcassets */ = {isa = PBXFileReference; lastKnownFileType = folder.assetcatalog; path = Assets.xcassets; sourceTree = "<group>"; };
		88B6A88F1BC913E000346558 /* Info.plist */ = {isa = PBXFileReference; lastKnownFileType = text.plist.xml; path = Info.plist; sourceTree = "<group>"; };
		B365161D1BC923FC00696574 /* CoreLocation.framework */ = {isa = PBXFileReference; lastKnownFileType = wrapper.framework; name = CoreLocation.framework; path = System/Library/Frameworks/CoreLocation.framework; sourceTree = SDKROOT; };
		B365161F1BC9240400696574 /* CoreBluetooth.framework */ = {isa = PBXFileReference; lastKnownFileType = wrapper.framework; name = CoreBluetooth.framework; path = System/Library/Frameworks/CoreBluetooth.framework; sourceTree = SDKROOT; };
		B36516211BC9244F00696574 /* Foundation.framework */ = {isa = PBXFileReference; lastKnownFileType = wrapper.framework; name = Foundation.framework; path = System/Library/Frameworks/Foundation.framework; sourceTree = SDKROOT; };
		B36516241BC9273500696574 /* LandingScreenViewController.h */ = {isa = PBXFileReference; fileEncoding = 4; lastKnownFileType = sourcecode.c.h; path = LandingScreenViewController.h; sourceTree = "<group>"; };
		B36516251BC9273500696574 /* LandingScreenViewController.m */ = {isa = PBXFileReference; fileEncoding = 4; lastKnownFileType = sourcecode.c.objc; path = LandingScreenViewController.m; sourceTree = "<group>"; };
		B36516271BC939BC00696574 /* Handshake-Bridging-Header.h */ = {isa = PBXFileReference; lastKnownFileType = sourcecode.c.h; path = "Handshake-Bridging-Header.h"; sourceTree = "<group>"; };
		BD2468CA263107992DC1192D /* Pods-Handshake.release.xcconfig */ = {isa = PBXFileReference; includeInIndex = 1; lastKnownFileType = text.xcconfig; name = "Pods-Handshake.release.xcconfig"; path = "Pods/Target Support Files/Pods-Handshake/Pods-Handshake.release.xcconfig"; sourceTree = "<group>"; };
		F8423C9D30BEDE92DB097558 /* Pods-Handshake.debug.xcconfig */ = {isa = PBXFileReference; includeInIndex = 1; lastKnownFileType = text.xcconfig; name = "Pods-Handshake.debug.xcconfig"; path = "Pods/Target Support Files/Pods-Handshake/Pods-Handshake.debug.xcconfig"; sourceTree = "<group>"; };
/* End PBXFileReference section */

/* Begin PBXFrameworksBuildPhase section */
		88B6A85C1BC913DF00346558 /* Frameworks */ = {
			isa = PBXFrameworksBuildPhase;
			buildActionMask = 2147483647;
			files = (
				B36516221BC9244F00696574 /* Foundation.framework in Frameworks */,
				B36516201BC9240400696574 /* CoreBluetooth.framework in Frameworks */,
				B365161E1BC923FC00696574 /* CoreLocation.framework in Frameworks */,
				B4FE0785F1C51FB58CA45ABD /* Pods_Handshake.framework in Frameworks */,
			);
			runOnlyForDeploymentPostprocessing = 0;
		};
		88B6A87D1BC913E000346558 /* Frameworks */ = {
			isa = PBXFrameworksBuildPhase;
			buildActionMask = 2147483647;
			files = (
			);
			runOnlyForDeploymentPostprocessing = 0;
		};
/* End PBXFrameworksBuildPhase section */

/* Begin PBXGroup section */
		3C755D8DABFB6E9E1CD61A0B /* Pods */ = {
			isa = PBXGroup;
			children = (
				F8423C9D30BEDE92DB097558 /* Pods-Handshake.debug.xcconfig */,
				BD2468CA263107992DC1192D /* Pods-Handshake.release.xcconfig */,
			);
			name = Pods;
			sourceTree = "<group>";
		};
		88B6A8561BC913DF00346558 = {
			isa = PBXGroup;
			children = (
				B36516211BC9244F00696574 /* Foundation.framework */,
				B365161F1BC9240400696574 /* CoreBluetooth.framework */,
				B365161D1BC923FC00696574 /* CoreLocation.framework */,
				88B6A8611BC913DF00346558 /* Handshake */,
				88B6A8751BC913DF00346558 /* Handshake WatchKit App */,
				88B6A8841BC913E000346558 /* Handshake WatchKit Extension */,
				88B6A8601BC913DF00346558 /* Products */,
				3C755D8DABFB6E9E1CD61A0B /* Pods */,
				AA5EB605320BEB9485DF96C0 /* Frameworks */,
			);
			sourceTree = "<group>";
		};
		88B6A8601BC913DF00346558 /* Products */ = {
			isa = PBXGroup;
			children = (
				88B6A85F1BC913DF00346558 /* Handshake.app */,
				88B6A8711BC913DF00346558 /* Handshake WatchKit App.app */,
				88B6A8801BC913E000346558 /* Handshake WatchKit Extension.appex */,
			);
			name = Products;
			sourceTree = "<group>";
		};
		88B6A8611BC913DF00346558 /* Handshake */ = {
			isa = PBXGroup;
			children = (
				88B6A8621BC913DF00346558 /* AppDelegate.swift */,
				B36516271BC939BC00696574 /* Handshake-Bridging-Header.h */,
				88B6A8641BC913DF00346558 /* HomeViewController.swift */,
				B36516241BC9273500696574 /* LandingScreenViewController.h */,
				B36516251BC9273500696574 /* LandingScreenViewController.m */,
				88A1EE2C1BC9C99F0088CC91 /* chooseImageSourceViewController.h */,
				88A1EE2D1BC9C99F0088CC91 /* chooseImageSourceViewController.m */,
				88B6A8661BC913DF00346558 /* Main.storyboard */,
				88B6A8691BC913DF00346558 /* Assets.xcassets */,
				88B6A86B1BC913DF00346558 /* LaunchScreen.storyboard */,
				88B6A86E1BC913DF00346558 /* Info.plist */,
			);
			path = Handshake;
			sourceTree = "<group>";
		};
		88B6A8751BC913DF00346558 /* Handshake WatchKit App */ = {
			isa = PBXGroup;
			children = (
				88B6A8761BC913DF00346558 /* Interface.storyboard */,
				88B6A8791BC913DF00346558 /* Assets.xcassets */,
				88B6A87B1BC913DF00346558 /* Info.plist */,
			);
			path = "Handshake WatchKit App";
			sourceTree = "<group>";
		};
		88B6A8841BC913E000346558 /* Handshake WatchKit Extension */ = {
			isa = PBXGroup;
			children = (
				88B6A8871BC913E000346558 /* InterfaceController.swift */,
				88B6A8891BC913E000346558 /* ExtensionDelegate.swift */,
				88B6A88B1BC913E000346558 /* NotificationController.swift */,
				88B6A88D1BC913E000346558 /* Assets.xcassets */,
				88B6A88F1BC913E000346558 /* Info.plist */,
				88B6A8851BC913E000346558 /* Supporting Files */,
			);
			path = "Handshake WatchKit Extension";
			sourceTree = "<group>";
		};
		88B6A8851BC913E000346558 /* Supporting Files */ = {
			isa = PBXGroup;
			children = (
				882FA4DC1BC929E800724F90 /* DemoAccelerometerInterfaceController.swift */,
				88B6A8861BC913E000346558 /* PushNotificationPayload.apns */,
			);
			name = "Supporting Files";
			sourceTree = "<group>";
		};
		AA5EB605320BEB9485DF96C0 /* Frameworks */ = {
			isa = PBXGroup;
			children = (
				472D7CDE52E13780239DD75F /* Pods_Handshake.framework */,
			);
			name = Frameworks;
			sourceTree = "<group>";
		};
/* End PBXGroup section */

/* Begin PBXNativeTarget section */
		88B6A85E1BC913DF00346558 /* Handshake */ = {
			isa = PBXNativeTarget;
			buildConfigurationList = 88B6A89A1BC913E000346558 /* Build configuration list for PBXNativeTarget "Handshake" */;
			buildPhases = (
				26CB09EB79831ABDDB0BA508 /* Check Pods Manifest.lock */,
				88B6A85B1BC913DF00346558 /* Sources */,
				88B6A85C1BC913DF00346558 /* Frameworks */,
				88B6A85D1BC913DF00346558 /* Resources */,
				88B6A8991BC913E000346558 /* Embed Watch Content */,
				AC2D8F1205400F7560870FBF /* Embed Pods Frameworks */,
				FBFF9E9B3C53AF41341A95FD /* Copy Pods Resources */,
			);
			buildRules = (
			);
			dependencies = (
				88B6A8741BC913DF00346558 /* PBXTargetDependency */,
			);
			name = Handshake;
			productName = Handshake;
			productReference = 88B6A85F1BC913DF00346558 /* Handshake.app */;
			productType = "com.apple.product-type.application";
		};
		88B6A8701BC913DF00346558 /* Handshake WatchKit App */ = {
			isa = PBXNativeTarget;
			buildConfigurationList = 88B6A8961BC913E000346558 /* Build configuration list for PBXNativeTarget "Handshake WatchKit App" */;
			buildPhases = (
				88B6A86F1BC913DF00346558 /* Resources */,
				88B6A8951BC913E000346558 /* Embed App Extensions */,
			);
			buildRules = (
			);
			dependencies = (
				88B6A8831BC913E000346558 /* PBXTargetDependency */,
			);
			name = "Handshake WatchKit App";
			productName = "Handshake WatchKit App";
			productReference = 88B6A8711BC913DF00346558 /* Handshake WatchKit App.app */;
			productType = "com.apple.product-type.application.watchapp2";
		};
		88B6A87F1BC913E000346558 /* Handshake WatchKit Extension */ = {
			isa = PBXNativeTarget;
			buildConfigurationList = 88B6A8921BC913E000346558 /* Build configuration list for PBXNativeTarget "Handshake WatchKit Extension" */;
			buildPhases = (
				88B6A87C1BC913E000346558 /* Sources */,
				88B6A87D1BC913E000346558 /* Frameworks */,
				88B6A87E1BC913E000346558 /* Resources */,
			);
			buildRules = (
			);
			dependencies = (
			);
			name = "Handshake WatchKit Extension";
			productName = "Handshake WatchKit Extension";
			productReference = 88B6A8801BC913E000346558 /* Handshake WatchKit Extension.appex */;
			productType = "com.apple.product-type.watchkit2-extension";
		};
/* End PBXNativeTarget section */

/* Begin PBXProject section */
		88B6A8571BC913DF00346558 /* Project object */ = {
			isa = PBXProject;
			attributes = {
				LastSwiftUpdateCheck = 0700;
				LastUpgradeCheck = 0700;
				ORGANIZATIONNAME = Prodigies;
				TargetAttributes = {
					88B6A85E1BC913DF00346558 = {
						CreatedOnToolsVersion = 7.0;
						DevelopmentTeam = SVFLC63M2X;
					};
					88B6A8701BC913DF00346558 = {
						CreatedOnToolsVersion = 7.0;
						DevelopmentTeam = SVFLC63M2X;
					};
					88B6A87F1BC913E000346558 = {
						CreatedOnToolsVersion = 7.0;
						DevelopmentTeam = SVFLC63M2X;
					};
				};
			};
			buildConfigurationList = 88B6A85A1BC913DF00346558 /* Build configuration list for PBXProject "Handshake" */;
			compatibilityVersion = "Xcode 3.2";
			developmentRegion = English;
			hasScannedForEncodings = 0;
			knownRegions = (
				en,
				Base,
			);
			mainGroup = 88B6A8561BC913DF00346558;
			productRefGroup = 88B6A8601BC913DF00346558 /* Products */;
			projectDirPath = "";
			projectRoot = "";
			targets = (
				88B6A85E1BC913DF00346558 /* Handshake */,
				88B6A8701BC913DF00346558 /* Handshake WatchKit App */,
				88B6A87F1BC913E000346558 /* Handshake WatchKit Extension */,
			);
		};
/* End PBXProject section */

/* Begin PBXResourcesBuildPhase section */
		88B6A85D1BC913DF00346558 /* Resources */ = {
			isa = PBXResourcesBuildPhase;
			buildActionMask = 2147483647;
			files = (
				88B6A86D1BC913DF00346558 /* LaunchScreen.storyboard in Resources */,
				88B6A86A1BC913DF00346558 /* Assets.xcassets in Resources */,
				88B6A8681BC913DF00346558 /* Main.storyboard in Resources */,
			);
			runOnlyForDeploymentPostprocessing = 0;
		};
		88B6A86F1BC913DF00346558 /* Resources */ = {
			isa = PBXResourcesBuildPhase;
			buildActionMask = 2147483647;
			files = (
				88B6A87A1BC913DF00346558 /* Assets.xcassets in Resources */,
				88B6A8781BC913DF00346558 /* Interface.storyboard in Resources */,
			);
			runOnlyForDeploymentPostprocessing = 0;
		};
		88B6A87E1BC913E000346558 /* Resources */ = {
			isa = PBXResourcesBuildPhase;
			buildActionMask = 2147483647;
			files = (
				88B6A88E1BC913E000346558 /* Assets.xcassets in Resources */,
			);
			runOnlyForDeploymentPostprocessing = 0;
		};
/* End PBXResourcesBuildPhase section */

/* Begin PBXShellScriptBuildPhase section */
		26CB09EB79831ABDDB0BA508 /* Check Pods Manifest.lock */ = {
			isa = PBXShellScriptBuildPhase;
			buildActionMask = 2147483647;
			files = (
			);
			inputPaths = (
			);
			name = "Check Pods Manifest.lock";
			outputPaths = (
			);
			runOnlyForDeploymentPostprocessing = 0;
			shellPath = /bin/sh;
			shellScript = "diff \"${PODS_ROOT}/../Podfile.lock\" \"${PODS_ROOT}/Manifest.lock\" > /dev/null\nif [[ $? != 0 ]] ; then\n    cat << EOM\nerror: The sandbox is not in sync with the Podfile.lock. Run 'pod install' or update your CocoaPods installation.\nEOM\n    exit 1\nfi\n";
			showEnvVarsInLog = 0;
		};
		AC2D8F1205400F7560870FBF /* Embed Pods Frameworks */ = {
			isa = PBXShellScriptBuildPhase;
			buildActionMask = 2147483647;
			files = (
			);
			inputPaths = (
			);
			name = "Embed Pods Frameworks";
			outputPaths = (
			);
			runOnlyForDeploymentPostprocessing = 0;
			shellPath = /bin/sh;
			shellScript = "\"${SRCROOT}/Pods/Target Support Files/Pods-Handshake/Pods-Handshake-frameworks.sh\"\n";
			showEnvVarsInLog = 0;
		};
		FBFF9E9B3C53AF41341A95FD /* Copy Pods Resources */ = {
			isa = PBXShellScriptBuildPhase;
			buildActionMask = 2147483647;
			files = (
			);
			inputPaths = (
			);
			name = "Copy Pods Resources";
			outputPaths = (
			);
			runOnlyForDeploymentPostprocessing = 0;
			shellPath = /bin/sh;
			shellScript = "\"${SRCROOT}/Pods/Target Support Files/Pods-Handshake/Pods-Handshake-resources.sh\"\n";
			showEnvVarsInLog = 0;
		};
/* End PBXShellScriptBuildPhase section */

/* Begin PBXSourcesBuildPhase section */
		88B6A85B1BC913DF00346558 /* Sources */ = {
			isa = PBXSourcesBuildPhase;
			buildActionMask = 2147483647;
			files = (
				88A1EE2E1BC9C99F0088CC91 /* chooseImageSourceViewController.m in Sources */,
				88B6A8651BC913DF00346558 /* HomeViewController.swift in Sources */,
				B36516261BC9273500696574 /* LandingScreenViewController.m in Sources */,
				88B6A8631BC913DF00346558 /* AppDelegate.swift in Sources */,
			);
			runOnlyForDeploymentPostprocessing = 0;
		};
		88B6A87C1BC913E000346558 /* Sources */ = {
			isa = PBXSourcesBuildPhase;
			buildActionMask = 2147483647;
			files = (
				88B6A88C1BC913E000346558 /* NotificationController.swift in Sources */,
				88B6A88A1BC913E000346558 /* ExtensionDelegate.swift in Sources */,
				882FA4DD1BC929E800724F90 /* DemoAccelerometerInterfaceController.swift in Sources */,
				88B6A8881BC913E000346558 /* InterfaceController.swift in Sources */,
			);
			runOnlyForDeploymentPostprocessing = 0;
		};
/* End PBXSourcesBuildPhase section */

/* Begin PBXTargetDependency section */
		88B6A8741BC913DF00346558 /* PBXTargetDependency */ = {
			isa = PBXTargetDependency;
			target = 88B6A8701BC913DF00346558 /* Handshake WatchKit App */;
			targetProxy = 88B6A8731BC913DF00346558 /* PBXContainerItemProxy */;
		};
		88B6A8831BC913E000346558 /* PBXTargetDependency */ = {
			isa = PBXTargetDependency;
			target = 88B6A87F1BC913E000346558 /* Handshake WatchKit Extension */;
			targetProxy = 88B6A8821BC913E000346558 /* PBXContainerItemProxy */;
		};
/* End PBXTargetDependency section */

/* Begin PBXVariantGroup section */
		88B6A8661BC913DF00346558 /* Main.storyboard */ = {
			isa = PBXVariantGroup;
			children = (
				88B6A8671BC913DF00346558 /* Base */,
			);
			name = Main.storyboard;
			sourceTree = "<group>";
		};
		88B6A86B1BC913DF00346558 /* LaunchScreen.storyboard */ = {
			isa = PBXVariantGroup;
			children = (
				88B6A86C1BC913DF00346558 /* Base */,
			);
			name = LaunchScreen.storyboard;
			sourceTree = "<group>";
		};
		88B6A8761BC913DF00346558 /* Interface.storyboard */ = {
			isa = PBXVariantGroup;
			children = (
				88B6A8771BC913DF00346558 /* Base */,
			);
			name = Interface.storyboard;
			sourceTree = "<group>";
		};
/* End PBXVariantGroup section */

/* Begin XCBuildConfiguration section */
		88B6A8901BC913E000346558 /* Debug */ = {
			isa = XCBuildConfiguration;
			buildSettings = {
				ALWAYS_SEARCH_USER_PATHS = NO;
				CLANG_CXX_LANGUAGE_STANDARD = "gnu++0x";
				CLANG_CXX_LIBRARY = "libc++";
				CLANG_ENABLE_MODULES = YES;
				CLANG_ENABLE_OBJC_ARC = YES;
				CLANG_WARN_BOOL_CONVERSION = YES;
				CLANG_WARN_CONSTANT_CONVERSION = YES;
				CLANG_WARN_DIRECT_OBJC_ISA_USAGE = YES_ERROR;
				CLANG_WARN_EMPTY_BODY = YES;
				CLANG_WARN_ENUM_CONVERSION = YES;
				CLANG_WARN_INT_CONVERSION = YES;
				CLANG_WARN_OBJC_ROOT_CLASS = YES_ERROR;
				CLANG_WARN_UNREACHABLE_CODE = YES;
				CLANG_WARN__DUPLICATE_METHOD_MATCH = YES;
				"CODE_SIGN_IDENTITY[sdk=iphoneos*]" = "iPhone Developer";
				COPY_PHASE_STRIP = NO;
				DEBUG_INFORMATION_FORMAT = dwarf;
				ENABLE_STRICT_OBJC_MSGSEND = YES;
				ENABLE_TESTABILITY = YES;
				GCC_C_LANGUAGE_STANDARD = gnu99;
				GCC_DYNAMIC_NO_PIC = NO;
				GCC_NO_COMMON_BLOCKS = YES;
				GCC_OPTIMIZATION_LEVEL = 0;
				GCC_PREPROCESSOR_DEFINITIONS = (
					"DEBUG=1",
					"$(inherited)",
				);
				GCC_WARN_64_TO_32_BIT_CONVERSION = YES;
				GCC_WARN_ABOUT_RETURN_TYPE = YES_ERROR;
				GCC_WARN_UNDECLARED_SELECTOR = YES;
				GCC_WARN_UNINITIALIZED_AUTOS = YES_AGGRESSIVE;
				GCC_WARN_UNUSED_FUNCTION = YES;
				GCC_WARN_UNUSED_VARIABLE = YES;
				IPHONEOS_DEPLOYMENT_TARGET = 9.0;
				MTL_ENABLE_DEBUG_INFO = YES;
				ONLY_ACTIVE_ARCH = YES;
				SDKROOT = iphoneos;
				SWIFT_OPTIMIZATION_LEVEL = "-Onone";
				TARGETED_DEVICE_FAMILY = "1,2";
			};
			name = Debug;
		};
		88B6A8911BC913E000346558 /* Release */ = {
			isa = XCBuildConfiguration;
			buildSettings = {
				ALWAYS_SEARCH_USER_PATHS = NO;
				CLANG_CXX_LANGUAGE_STANDARD = "gnu++0x";
				CLANG_CXX_LIBRARY = "libc++";
				CLANG_ENABLE_MODULES = YES;
				CLANG_ENABLE_OBJC_ARC = YES;
				CLANG_WARN_BOOL_CONVERSION = YES;
				CLANG_WARN_CONSTANT_CONVERSION = YES;
				CLANG_WARN_DIRECT_OBJC_ISA_USAGE = YES_ERROR;
				CLANG_WARN_EMPTY_BODY = YES;
				CLANG_WARN_ENUM_CONVERSION = YES;
				CLANG_WARN_INT_CONVERSION = YES;
				CLANG_WARN_OBJC_ROOT_CLASS = YES_ERROR;
				CLANG_WARN_UNREACHABLE_CODE = YES;
				CLANG_WARN__DUPLICATE_METHOD_MATCH = YES;
				"CODE_SIGN_IDENTITY[sdk=iphoneos*]" = "iPhone Developer";
				COPY_PHASE_STRIP = NO;
				DEBUG_INFORMATION_FORMAT = "dwarf-with-dsym";
				ENABLE_NS_ASSERTIONS = NO;
				ENABLE_STRICT_OBJC_MSGSEND = YES;
				GCC_C_LANGUAGE_STANDARD = gnu99;
				GCC_NO_COMMON_BLOCKS = YES;
				GCC_WARN_64_TO_32_BIT_CONVERSION = YES;
				GCC_WARN_ABOUT_RETURN_TYPE = YES_ERROR;
				GCC_WARN_UNDECLARED_SELECTOR = YES;
				GCC_WARN_UNINITIALIZED_AUTOS = YES_AGGRESSIVE;
				GCC_WARN_UNUSED_FUNCTION = YES;
				GCC_WARN_UNUSED_VARIABLE = YES;
				IPHONEOS_DEPLOYMENT_TARGET = 9.0;
				MTL_ENABLE_DEBUG_INFO = NO;
				SDKROOT = iphoneos;
				TARGETED_DEVICE_FAMILY = "1,2";
				VALIDATE_PRODUCT = YES;
			};
			name = Release;
		};
		88B6A8931BC913E000346558 /* Debug */ = {
			isa = XCBuildConfiguration;
			buildSettings = {
				CODE_SIGN_IDENTITY = "iPhone Developer";
				"CODE_SIGN_IDENTITY[sdk=watchos*]" = "iPhone Developer";
				INFOPLIST_FILE = "Handshake WatchKit Extension/Info.plist";
				LD_RUNPATH_SEARCH_PATHS = "$(inherited) @executable_path/Frameworks @executable_path/../../Frameworks";
				PRODUCT_BUNDLE_IDENTIFIER = Prodigies.Handshake.watchkitapp.watchkitextension;
				PRODUCT_NAME = "${TARGET_NAME}";
				PROVISIONING_PROFILE = "";
				SDKROOT = watchos;
				SKIP_INSTALL = YES;
				TARGETED_DEVICE_FAMILY = 4;
				WATCHOS_DEPLOYMENT_TARGET = 2.0;
			};
			name = Debug;
		};
		88B6A8941BC913E000346558 /* Release */ = {
			isa = XCBuildConfiguration;
			buildSettings = {
				CODE_SIGN_IDENTITY = "iPhone Developer";
				"CODE_SIGN_IDENTITY[sdk=watchos*]" = "iPhone Developer";
				INFOPLIST_FILE = "Handshake WatchKit Extension/Info.plist";
				LD_RUNPATH_SEARCH_PATHS = "$(inherited) @executable_path/Frameworks @executable_path/../../Frameworks";
				PRODUCT_BUNDLE_IDENTIFIER = Prodigies.Handshake.watchkitapp.watchkitextension;
				PRODUCT_NAME = "${TARGET_NAME}";
				PROVISIONING_PROFILE = "";
				SDKROOT = watchos;
				SKIP_INSTALL = YES;
				TARGETED_DEVICE_FAMILY = 4;
				WATCHOS_DEPLOYMENT_TARGET = 2.0;
			};
			name = Release;
		};
		88B6A8971BC913E000346558 /* Debug */ = {
			isa = XCBuildConfiguration;
			buildSettings = {
				ASSETCATALOG_COMPILER_APPICON_NAME = AppIcon;
				CODE_SIGN_IDENTITY = "iPhone Developer";
				"CODE_SIGN_IDENTITY[sdk=watchos*]" = "iPhone Developer";
				EMBEDDED_CONTENT_CONTAINS_SWIFT = YES;
				IBSC_MODULE = Handshake_WatchKit_Extension;
				INFOPLIST_FILE = "Handshake WatchKit App/Info.plist";
				PRODUCT_BUNDLE_IDENTIFIER = Prodigies.Handshake.watchkitapp;
				PRODUCT_NAME = "$(TARGET_NAME)";
				PROVISIONING_PROFILE = "";
				SDKROOT = watchos;
				SKIP_INSTALL = YES;
				TARGETED_DEVICE_FAMILY = 4;
				WATCHOS_DEPLOYMENT_TARGET = 2.0;
			};
			name = Debug;
		};
		88B6A8981BC913E000346558 /* Release */ = {
			isa = XCBuildConfiguration;
			buildSettings = {
				ASSETCATALOG_COMPILER_APPICON_NAME = AppIcon;
				CODE_SIGN_IDENTITY = "iPhone Developer";
				"CODE_SIGN_IDENTITY[sdk=watchos*]" = "iPhone Developer";
				EMBEDDED_CONTENT_CONTAINS_SWIFT = YES;
				IBSC_MODULE = Handshake_WatchKit_Extension;
				INFOPLIST_FILE = "Handshake WatchKit App/Info.plist";
				PRODUCT_BUNDLE_IDENTIFIER = Prodigies.Handshake.watchkitapp;
				PRODUCT_NAME = "$(TARGET_NAME)";
				PROVISIONING_PROFILE = "";
				SDKROOT = watchos;
				SKIP_INSTALL = YES;
				TARGETED_DEVICE_FAMILY = 4;
				WATCHOS_DEPLOYMENT_TARGET = 2.0;
			};
			name = Release;
		};
		88B6A89B1BC913E000346558 /* Debug */ = {
			isa = XCBuildConfiguration;
			baseConfigurationReference = F8423C9D30BEDE92DB097558 /* Pods-Handshake.debug.xcconfig */;
			buildSettings = {
				ASSETCATALOG_COMPILER_APPICON_NAME = AppIcon;
				CLANG_ENABLE_MODULES = YES;
				CODE_SIGN_IDENTITY = "iPhone Developer";
				"CODE_SIGN_IDENTITY[sdk=iphoneos*]" = "iPhone Developer";
				INFOPLIST_FILE = Handshake/Info.plist;
				IPHONEOS_DEPLOYMENT_TARGET = 9.0;
				LD_RUNPATH_SEARCH_PATHS = "$(inherited) @executable_path/Frameworks";
				PRODUCT_BUNDLE_IDENTIFIER = Prodigies.Handshake;
				PRODUCT_NAME = "$(TARGET_NAME)";
				PROVISIONING_PROFILE = "";
				SWIFT_OBJC_BRIDGING_HEADER = "Handshake/Handshake-Bridging-Header.h";
				SWIFT_OPTIMIZATION_LEVEL = "-Onone";
			};
			name = Debug;
		};
		88B6A89C1BC913E000346558 /* Release */ = {
			isa = XCBuildConfiguration;
			baseConfigurationReference = BD2468CA263107992DC1192D /* Pods-Handshake.release.xcconfig */;
			buildSettings = {
				ASSETCATALOG_COMPILER_APPICON_NAME = AppIcon;
				CLANG_ENABLE_MODULES = YES;
				CODE_SIGN_IDENTITY = "iPhone Developer";
				"CODE_SIGN_IDENTITY[sdk=iphoneos*]" = "iPhone Developer";
				INFOPLIST_FILE = Handshake/Info.plist;
				IPHONEOS_DEPLOYMENT_TARGET = 9.0;
				LD_RUNPATH_SEARCH_PATHS = "$(inherited) @executable_path/Frameworks";
				PRODUCT_BUNDLE_IDENTIFIER = Prodigies.Handshake;
				PRODUCT_NAME = "$(TARGET_NAME)";
				PROVISIONING_PROFILE = "";
				SWIFT_OBJC_BRIDGING_HEADER = "Handshake/Handshake-Bridging-Header.h";
			};
			name = Release;
		};
/* End XCBuildConfiguration section */

/* Begin XCConfigurationList section */
		88B6A85A1BC913DF00346558 /* Build configuration list for PBXProject "Handshake" */ = {
			isa = XCConfigurationList;
			buildConfigurations = (
				88B6A8901BC913E000346558 /* Debug */,
				88B6A8911BC913E000346558 /* Release */,
			);
			defaultConfigurationIsVisible = 0;
			defaultConfigurationName = Release;
		};
		88B6A8921BC913E000346558 /* Build configuration list for PBXNativeTarget "Handshake WatchKit Extension" */ = {
			isa = XCConfigurationList;
			buildConfigurations = (
				88B6A8931BC913E000346558 /* Debug */,
				88B6A8941BC913E000346558 /* Release */,
			);
			defaultConfigurationIsVisible = 0;
			defaultConfigurationName = Release;
		};
		88B6A8961BC913E000346558 /* Build configuration list for PBXNativeTarget "Handshake WatchKit App" */ = {
			isa = XCConfigurationList;
			buildConfigurations = (
				88B6A8971BC913E000346558 /* Debug */,
				88B6A8981BC913E000346558 /* Release */,
			);
			defaultConfigurationIsVisible = 0;
			defaultConfigurationName = Release;
		};
		88B6A89A1BC913E000346558 /* Build configuration list for PBXNativeTarget "Handshake" */ = {
			isa = XCConfigurationList;
			buildConfigurations = (
				88B6A89B1BC913E000346558 /* Debug */,
				88B6A89C1BC913E000346558 /* Release */,
			);
			defaultConfigurationIsVisible = 0;
			defaultConfigurationName = Release;
		};
/* End XCConfigurationList section */
	};
	rootObject = 88B6A8571BC913DF00346558 /* Project object */;
}
